
Microsoft Visual Studio Solution File, Format Version 12.00
# Visual Studio Version 16
VisualStudioVersion = 16.0.28803.452
MinimumVisualStudioVersion = 10.0.40219.1
Project("{FAE04EC0-301F-11D3-BF4B-00C04F79EFBC}") = "SpyGlass", "Core\SpyGlass\SpyGlass.csproj", "{3B3885EB-0E45-4EB6-BE94-B23C66AE02F5}"
EndProject
Project("{8BC9CEB8-8B4A-11D0-8D11-00A0C91BC942}") = "SpyGlass.Injection.x86", "Injections\SpyGlass.Injection.x86\SpyGlass.Injection.x86.vcxproj", "{A67E3D21-187C-4D31-859C-50003E67C628}"
EndProject
Project("{8BC9CEB8-8B4A-11D0-8D11-00A0C91BC942}") = "SpyGlass.DummyTarget", "Examples\DummyExample\SpyGlass.DummyTarget\SpyGlass.DummyTarget.vcxproj", "{644BDE0E-70CD-4963-B499-1EDBB92BF21A}"
EndProject
Project("{FAE04EC0-301F-11D3-BF4B-00C04F79EFBC}") = "SpyGlass.Sample.x86", "Examples\DummyExample\SpyGlass.Sample.x86\SpyGlass.Sample.x86.csproj", "{F8D80DA1-A67E-4513-8C66-303E51F31C51}"
EndProject
Project("{FAE04EC0-301F-11D3-BF4B-00C04F79EFBC}") = "SpyGlass.Hooking", "Core\SpyGlass.Hooking\SpyGlass.Hooking.csproj", "{66404987-0B8E-491F-A3F9-DC0D8CA1F324}"
EndProject
Project("{2150E333-8FDC-42A3-9474-1A3956D46DE8}") = "Injections", "Injections", "{CE062156-AAF0-44E4-84A1-8D2F16D47E26}"
EndProject
Project("{2150E333-8FDC-42A3-9474-1A3956D46DE8}") = "Core", "Core", "{BA0ECF6C-C90E-4F44-A72C-C45D93C698B4}"
EndProject
Project("{2150E333-8FDC-42A3-9474-1A3956D46DE8}") = "Examples", "Examples", "{8B64E5B7-AEB4-4050-985D-46DF84ED48A0}"
EndProject
Project("{2150E333-8FDC-42A3-9474-1A3956D46DE8}") = "Dependencies", "Dependencies", "{634311EF-F527-4067-93C3-A66A258E515D}"
EndProject
Project("{FAE04EC0-301F-11D3-BF4B-00C04F79EFBC}") = "AsmResolver", "Dependencies\AsmResolver\AsmResolver\AsmResolver.csproj", "{228B5994-1035-4EB0-A095-8D85B6EE1146}"
EndProject
Project("{FAE04EC0-301F-11D3-BF4B-00C04F79EFBC}") = "SpyGlass.Bootstrapper.x86", "Examples\SpyGlass.Bootstrapper.x86\SpyGlass.Bootstrapper.x86.csproj", "{881F626F-4A0F-460F-BE6F-E8F64C6D8AF0}"
EndProject
Project("{8BC9CEB8-8B4A-11D0-8D11-00A0C91BC942}") = "MessageBoxTest", "Examples\MessageBox\MessageBoxTest\MessageBoxTest.vcxproj", "{7FCCFC48-AD75-4201-8A11-61DC1EC14764}"
EndProject
Project("{FAE04EC0-301F-11D3-BF4B-00C04F79EFBC}") = "MessageBoxHook", "Examples\MessageBox\MessageBoxHook\MessageBoxHook.csproj", "{3F8BECBD-7E3B-495A-B791-1123E2842967}"
EndProject
Project("{2150E333-8FDC-42A3-9474-1A3956D46DE8}") = "MessageBox", "MessageBox", "{FF6FCCE5-DB0D-4497-B043-054DBF139A21}"
EndProject
Project("{2150E333-8FDC-42A3-9474-1A3956D46DE8}") = "DummyExample", "DummyExample", "{BACCA1F3-0AEC-4A74-896A-AE8932F872F8}"
EndProject
Global
	GlobalSection(SolutionConfigurationPlatforms) = preSolution
		Debug|Any CPU = Debug|Any CPU
		Debug|x64 = Debug|x64
		Debug|x86 = Debug|x86
		Release|Any CPU = Release|Any CPU
		Release|x64 = Release|x64
		Release|x86 = Release|x86
	EndGlobalSection
	GlobalSection(ProjectConfigurationPlatforms) = postSolution
		{3B3885EB-0E45-4EB6-BE94-B23C66AE02F5}.Debug|Any CPU.ActiveCfg = Debug|Any CPU
		{3B3885EB-0E45-4EB6-BE94-B23C66AE02F5}.Debug|Any CPU.Build.0 = Debug|Any CPU
		{3B3885EB-0E45-4EB6-BE94-B23C66AE02F5}.Debug|x64.ActiveCfg = Debug|Any CPU
		{3B3885EB-0E45-4EB6-BE94-B23C66AE02F5}.Debug|x86.ActiveCfg = Debug|Any CPU
		{3B3885EB-0E45-4EB6-BE94-B23C66AE02F5}.Release|Any CPU.ActiveCfg = Release|Any CPU
		{3B3885EB-0E45-4EB6-BE94-B23C66AE02F5}.Release|Any CPU.Build.0 = Release|Any CPU
		{3B3885EB-0E45-4EB6-BE94-B23C66AE02F5}.Release|x64.ActiveCfg = Release|Any CPU
		{3B3885EB-0E45-4EB6-BE94-B23C66AE02F5}.Release|x86.ActiveCfg = Release|Any CPU
		{A67E3D21-187C-4D31-859C-50003E67C628}.Debug|Any CPU.ActiveCfg = Debug|Win32
		{A67E3D21-187C-4D31-859C-50003E67C628}.Debug|Any CPU.Build.0 = Debug|Win32
		{A67E3D21-187C-4D31-859C-50003E67C628}.Debug|x64.ActiveCfg = Debug|x64
		{A67E3D21-187C-4D31-859C-50003E67C628}.Debug|x64.Build.0 = Debug|x64
		{A67E3D21-187C-4D31-859C-50003E67C628}.Debug|x86.ActiveCfg = Debug|Win32
		{A67E3D21-187C-4D31-859C-50003E67C628}.Debug|x86.Build.0 = Debug|Win32
		{A67E3D21-187C-4D31-859C-50003E67C628}.Release|Any CPU.ActiveCfg = Release|Win32
		{A67E3D21-187C-4D31-859C-50003E67C628}.Release|Any CPU.Build.0 = Release|Win32
		{A67E3D21-187C-4D31-859C-50003E67C628}.Release|x64.ActiveCfg = Release|x64
		{A67E3D21-187C-4D31-859C-50003E67C628}.Release|x64.Build.0 = Release|x64
		{A67E3D21-187C-4D31-859C-50003E67C628}.Release|x86.ActiveCfg = Release|Win32
		{A67E3D21-187C-4D31-859C-50003E67C628}.Release|x86.Build.0 = Release|Win32
		{644BDE0E-70CD-4963-B499-1EDBB92BF21A}.Debug|Any CPU.ActiveCfg = Debug|Win32
		{644BDE0E-70CD-4963-B499-1EDBB92BF21A}.Debug|Any CPU.Build.0 = Debug|Win32
		{644BDE0E-70CD-4963-B499-1EDBB92BF21A}.Debug|x64.ActiveCfg = Debug|x64
		{644BDE0E-70CD-4963-B499-1EDBB92BF21A}.Debug|x64.Build.0 = Debug|x64
		{644BDE0E-70CD-4963-B499-1EDBB92BF21A}.Debug|x86.ActiveCfg = Debug|Win32
		{644BDE0E-70CD-4963-B499-1EDBB92BF21A}.Debug|x86.Build.0 = Debug|Win32
		{644BDE0E-70CD-4963-B499-1EDBB92BF21A}.Release|Any CPU.ActiveCfg = Release|Win32
		{644BDE0E-70CD-4963-B499-1EDBB92BF21A}.Release|Any CPU.Build.0 = Release|Win32
		{644BDE0E-70CD-4963-B499-1EDBB92BF21A}.Release|x64.ActiveCfg = Release|x64
		{644BDE0E-70CD-4963-B499-1EDBB92BF21A}.Release|x64.Build.0 = Release|x64
		{644BDE0E-70CD-4963-B499-1EDBB92BF21A}.Release|x86.ActiveCfg = Release|Win32
		{644BDE0E-70CD-4963-B499-1EDBB92BF21A}.Release|x86.Build.0 = Release|Win32
		{F8D80DA1-A67E-4513-8C66-303E51F31C51}.Debug|Any CPU.ActiveCfg = Debug|Any CPU
		{F8D80DA1-A67E-4513-8C66-303E51F31C51}.Debug|Any CPU.Build.0 = Debug|Any CPU
		{F8D80DA1-A67E-4513-8C66-303E51F31C51}.Debug|x64.ActiveCfg = Debug|Any CPU
		{F8D80DA1-A67E-4513-8C66-303E51F31C51}.Debug|x64.Build.0 = Debug|Any CPU
		{F8D80DA1-A67E-4513-8C66-303E51F31C51}.Debug|x86.ActiveCfg = Debug|Any CPU
		{F8D80DA1-A67E-4513-8C66-303E51F31C51}.Debug|x86.Build.0 = Debug|Any CPU
		{F8D80DA1-A67E-4513-8C66-303E51F31C51}.Release|Any CPU.ActiveCfg = Release|Any CPU
		{F8D80DA1-A67E-4513-8C66-303E51F31C51}.Release|Any CPU.Build.0 = Release|Any CPU
		{F8D80DA1-A67E-4513-8C66-303E51F31C51}.Release|x64.ActiveCfg = Release|Any CPU
		{F8D80DA1-A67E-4513-8C66-303E51F31C51}.Release|x64.Build.0 = Release|Any CPU
		{F8D80DA1-A67E-4513-8C66-303E51F31C51}.Release|x86.ActiveCfg = Release|Any CPU
		{F8D80DA1-A67E-4513-8C66-303E51F31C51}.Release|x86.Build.0 = Release|Any CPU
		{66404987-0B8E-491F-A3F9-DC0D8CA1F324}.Debug|Any CPU.ActiveCfg = Debug|Any CPU
		{66404987-0B8E-491F-A3F9-DC0D8CA1F324}.Debug|Any CPU.Build.0 = Debug|Any CPU
		{66404987-0B8E-491F-A3F9-DC0D8CA1F324}.Debug|x64.ActiveCfg = Debug|Any CPU
		{66404987-0B8E-491F-A3F9-DC0D8CA1F324}.Debug|x64.Build.0 = Debug|Any CPU
		{66404987-0B8E-491F-A3F9-DC0D8CA1F324}.Debug|x86.ActiveCfg = Debug|Any CPU
		{66404987-0B8E-491F-A3F9-DC0D8CA1F324}.Debug|x86.Build.0 = Debug|Any CPU
		{66404987-0B8E-491F-A3F9-DC0D8CA1F324}.Release|Any CPU.ActiveCfg = Release|Any CPU
		{66404987-0B8E-491F-A3F9-DC0D8CA1F324}.Release|Any CPU.Build.0 = Release|Any CPU
		{66404987-0B8E-491F-A3F9-DC0D8CA1F324}.Release|x64.ActiveCfg = Release|Any CPU
		{66404987-0B8E-491F-A3F9-DC0D8CA1F324}.Release|x64.Build.0 = Release|Any CPU
		{66404987-0B8E-491F-A3F9-DC0D8CA1F324}.Release|x86.ActiveCfg = Release|Any CPU
		{66404987-0B8E-491F-A3F9-DC0D8CA1F324}.Release|x86.Build.0 = Release|Any CPU
		{228B5994-1035-4EB0-A095-8D85B6EE1146}.Debug|Any CPU.ActiveCfg = Debug|Any CPU
		{228B5994-1035-4EB0-A095-8D85B6EE1146}.Debug|Any CPU.Build.0 = Debug|Any CPU
		{228B5994-1035-4EB0-A095-8D85B6EE1146}.Debug|x64.ActiveCfg = Debug|Any CPU
		{228B5994-1035-4EB0-A095-8D85B6EE1146}.Debug|x64.Build.0 = Debug|Any CPU
		{228B5994-1035-4EB0-A095-8D85B6EE1146}.Debug|x86.ActiveCfg = Debug|Any CPU
		{228B5994-1035-4EB0-A095-8D85B6EE1146}.Debug|x86.Build.0 = Debug|Any CPU
		{228B5994-1035-4EB0-A095-8D85B6EE1146}.Release|Any CPU.ActiveCfg = Release|Any CPU
		{228B5994-1035-4EB0-A095-8D85B6EE1146}.Release|Any CPU.Build.0 = Release|Any CPU
		{228B5994-1035-4EB0-A095-8D85B6EE1146}.Release|x64.ActiveCfg = Release|Any CPU
		{228B5994-1035-4EB0-A095-8D85B6EE1146}.Release|x64.Build.0 = Release|Any CPU
		{228B5994-1035-4EB0-A095-8D85B6EE1146}.Release|x86.ActiveCfg = Release|Any CPU
		{228B5994-1035-4EB0-A095-8D85B6EE1146}.Release|x86.Build.0 = Release|Any CPU
		{881F626F-4A0F-460F-BE6F-E8F64C6D8AF0}.Debug|Any CPU.ActiveCfg = Debug|Any CPU
		{881F626F-4A0F-460F-BE6F-E8F64C6D8AF0}.Debug|Any CPU.Build.0 = Debug|Any CPU
		{881F626F-4A0F-460F-BE6F-E8F64C6D8AF0}.Debug|x64.ActiveCfg = Debug|Any CPU
		{881F626F-4A0F-460F-BE6F-E8F64C6D8AF0}.Debug|x64.Build.0 = Debug|Any CPU
		{881F626F-4A0F-460F-BE6F-E8F64C6D8AF0}.Debug|x86.ActiveCfg = Debug|Any CPU
		{881F626F-4A0F-460F-BE6F-E8F64C6D8AF0}.Debug|x86.Build.0 = Debug|Any CPU
		{881F626F-4A0F-460F-BE6F-E8F64C6D8AF0}.Release|Any CPU.ActiveCfg = Release|Any CPU
		{881F626F-4A0F-460F-BE6F-E8F64C6D8AF0}.Release|Any CPU.Build.0 = Release|Any CPU
		{881F626F-4A0F-460F-BE6F-E8F64C6D8AF0}.Release|x64.ActiveCfg = Release|Any CPU
		{881F626F-4A0F-460F-BE6F-E8F64C6D8AF0}.Release|x64.Build.0 = Release|Any CPU
		{881F626F-4A0F-460F-BE6F-E8F64C6D8AF0}.Release|x86.ActiveCfg = Release|Any CPU
		{881F626F-4A0F-460F-BE6F-E8F64C6D8AF0}.Release|x86.Build.0 = Release|Any CPU
		{7FCCFC48-AD75-4201-8A11-61DC1EC14764}.Debug|Any CPU.ActiveCfg = Debug|Win32
		{7FCCFC48-AD75-4201-8A11-61DC1EC14764}.Debug|Any CPU.Build.0 = Debug|Win32
		{7FCCFC48-AD75-4201-8A11-61DC1EC14764}.Debug|x64.ActiveCfg = Debug|x64
		{7FCCFC48-AD75-4201-8A11-61DC1EC14764}.Debug|x64.Build.0 = Debug|x64
		{7FCCFC48-AD75-4201-8A11-61DC1EC14764}.Debug|x86.ActiveCfg = Debug|Win32
		{7FCCFC48-AD75-4201-8A11-61DC1EC14764}.Debug|x86.Build.0 = Debug|Win32
		{7FCCFC48-AD75-4201-8A11-61DC1EC14764}.Release|Any CPU.ActiveCfg = Release|Win32
		{7FCCFC48-AD75-4201-8A11-61DC1EC14764}.Release|x64.ActiveCfg = Release|x64
		{7FCCFC48-AD75-4201-8A11-61DC1EC14764}.Release|x64.Build.0 = Release|x64
		{7FCCFC48-AD75-4201-8A11-61DC1EC14764}.Release|x86.ActiveCfg = Release|Win32
		{7FCCFC48-AD75-4201-8A11-61DC1EC14764}.Release|x86.Build.0 = Release|Win32
		{3F8BECBD-7E3B-495A-B791-1123E2842967}.Debug|Any CPU.ActiveCfg = Debug|Any CPU
		{3F8BECBD-7E3B-495A-B791-1123E2842967}.Debug|Any CPU.Build.0 = Debug|Any CPU
		{3F8BECBD-7E3B-495A-B791-1123E2842967}.Debug|x64.ActiveCfg = Debug|Any CPU
		{3F8BECBD-7E3B-495A-B791-1123E2842967}.Debug|x64.Build.0 = Debug|Any CPU
		{3F8BECBD-7E3B-495A-B791-1123E2842967}.Debug|x86.ActiveCfg = Debug|Any CPU
		{3F8BECBD-7E3B-495A-B791-1123E2842967}.Debug|x86.Build.0 = Debug|Any CPU
		{3F8BECBD-7E3B-495A-B791-1123E2842967}.Release|Any CPU.ActiveCfg = Release|Any CPU
		{3F8BECBD-7E3B-495A-B791-1123E2842967}.Release|Any CPU.Build.0 = Release|Any CPU
		{3F8BECBD-7E3B-495A-B791-1123E2842967}.Release|x64.ActiveCfg = Release|Any CPU
		{3F8BECBD-7E3B-495A-B791-1123E2842967}.Release|x64.Build.0 = Release|Any CPU
		{3F8BECBD-7E3B-495A-B791-1123E2842967}.Release|x86.ActiveCfg = Release|Any CPU
		{3F8BECBD-7E3B-495A-B791-1123E2842967}.Release|x86.Build.0 = Release|Any CPU
	EndGlobalSection
	GlobalSection(SolutionProperties) = preSolution
		HideSolutionNode = FALSE
	EndGlobalSection
	GlobalSection(NestedProjects) = preSolution
		{3B3885EB-0E45-4EB6-BE94-B23C66AE02F5} = {BA0ECF6C-C90E-4F44-A72C-C45D93C698B4}
		{A67E3D21-187C-4D31-859C-50003E67C628} = {CE062156-AAF0-44E4-84A1-8D2F16D47E26}
		{66404987-0B8E-491F-A3F9-DC0D8CA1F324} = {BA0ECF6C-C90E-4F44-A72C-C45D93C698B4}
		{228B5994-1035-4EB0-A095-8D85B6EE1146} = {634311EF-F527-4067-93C3-A66A258E515D}
		{881F626F-4A0F-460F-BE6F-E8F64C6D8AF0} = {8B64E5B7-AEB4-4050-985D-46DF84ED48A0}
		{FF6FCCE5-DB0D-4497-B043-054DBF139A21} = {8B64E5B7-AEB4-4050-985D-46DF84ED48A0}
		{BACCA1F3-0AEC-4A74-896A-AE8932F872F8} = {8B64E5B7-AEB4-4050-985D-46DF84ED48A0}
		{644BDE0E-70CD-4963-B499-1EDBB92BF21A} = {BACCA1F3-0AEC-4A74-896A-AE8932F872F8}
		{F8D80DA1-A67E-4513-8C66-303E51F31C51} = {BACCA1F3-0AEC-4A74-896A-AE8932F872F8}
		{3F8BECBD-7E3B-495A-B791-1123E2842967} = {FF6FCCE5-DB0D-4497-B043-054DBF139A21}
		{7FCCFC48-AD75-4201-8A11-61DC1EC14764} = {FF6FCCE5-DB0D-4497-B043-054DBF139A21}
	EndGlobalSection
	GlobalSection(ExtensibilityGlobals) = postSolution
		SolutionGuid = {86A561CA-D8A5-4ED3-A4D5-964C15345F3E}
	EndGlobalSection
EndGlobal
